
Microsoft Visual Studio Solution File, Format Version 12.00
# Visual Studio Version 17
VisualStudioVersion = 17.7.34024.191
MinimumVisualStudioVersion = 10.0.40219.1
Project("{FAE04EC0-301F-11D3-BF4B-00C04F79EFBC}") = "Clone2", "Clone2\Clone2.csproj", "{333DE712-38D0-4AE1-A626-84F3C49CDE8F}"
EndProject
Global
	GlobalSection(SolutionConfigurationPlatforms) = preSolution
		Debug|Any CPU = Debug|Any CPU
		Release|Any CPU = Release|Any CPU
	EndGlobalSection
	GlobalSection(ProjectConfigurationPlatforms) = postSolution
		{333DE712-38D0-4AE1-A626-84F3C49CDE8F}.Debug|Any CPU.ActiveCfg = Debug|Any CPU
		{333DE712-38D0-4AE1-A626-84F3C49CDE8F}.Debug|Any CPU.Build.0 = Debug|Any CPU
		{333DE712-38D0-4AE1-A626-84F3C49CDE8F}.Release|Any CPU.ActiveCfg = Release|Any CPU
		{333DE712-38D0-4AE1-A626-84F3C49CDE8F}.Release|Any CPU.Build.0 = Release|Any CPU
	EndGlobalSection
	GlobalSection(SolutionProperties) = preSolution
		HideSolutionNode = FALSE
	EndGlobalSection
	GlobalSection(ExtensibilityGlobals) = postSolution
		SolutionGuid = {AA39BC58-6481-4C79-A03D-B18CF37E2783}
	EndGlobalSection
EndGlobal
